
Microsoft Visual Studio Solution File, Format Version 12.00
# Visual Studio 15
VisualStudioVersion = 15.0.27130.2024
MinimumVisualStudioVersion = 10.0.40219.1
Project("{FAE04EC0-301F-11D3-BF4B-00C04F79EFBC}") = "lab01", "lab01\lab01.csproj", "{389B6D97-BB51-4EB1-9C47-7B897C8D06D8}"
EndProject
Project("{FAE04EC0-301F-11D3-BF4B-00C04F79EFBC}") = "lab02", "lab02\lab02.csproj", "{301962F4-EDE5-4913-9E77-185522BBF913}"
EndProject
Project("{FAE04EC0-301F-11D3-BF4B-00C04F79EFBC}") = "Lab03", "Lab03\Lab03.csproj", "{05664813-D866-4C7B-AB55-91A5D05CF9A1}"
EndProject
Project("{FAE04EC0-301F-11D3-BF4B-00C04F79EFBC}") = "Lab04", "Lab04\Lab04.csproj", "{0023D0D4-5C9F-4842-A854-DE8AA93A33AB}"
EndProject
Project("{FAE04EC0-301F-11D3-BF4B-00C04F79EFBC}") = "Lab05", "Lab05\Lab05.csproj", "{376F6B46-C422-48A2-9B18-E83CAF73EFD8}"
EndProject
Project("{FAE04EC0-301F-11D3-BF4B-00C04F79EFBC}") = "KR", "KR\KR.csproj", "{DDC14203-31C1-4315-A46E-ADAD3AEB3EB0}"
EndProject
Project("{FAE04EC0-301F-11D3-BF4B-00C04F79EFBC}") = "KR1", "KR1\KR1.csproj", "{CA707C24-141D-4C0F-BE48-C5C13B3BEDB9}"
EndProject
Project("{FAE04EC0-301F-11D3-BF4B-00C04F79EFBC}") = "Lab07", "Lab07\Lab07.csproj", "{16E9B879-30AF-450E-8B7F-2A7E4C849335}"
EndProject
Project("{FAE04EC0-301F-11D3-BF4B-00C04F79EFBC}") = "Lab08", "Lab08\Lab08.csproj", "{7A732695-AABD-46F3-A808-A7E9FF2B6932}"
EndProject
Project("{FAE04EC0-301F-11D3-BF4B-00C04F79EFBC}") = "Lab08.1", "Lab08.1\Lab08.1.csproj", "{384D6F2D-4E6C-46B5-97B3-37BAEFB07993}"
EndProject
Project("{FAE04EC0-301F-11D3-BF4B-00C04F79EFBC}") = "Lab08Lib", "Lab08Lib\Lab08Lib.csproj", "{9D7A2C1F-A130-4C75-A809-DD202A0E523E}"
EndProject
Project("{FAE04EC0-301F-11D3-BF4B-00C04F79EFBC}") = "Lab10", "Lab10\Lab10.csproj", "{CA097D07-11E0-46CC-A337-FF5C83B18BCD}"
EndProject
Project("{FAE04EC0-301F-11D3-BF4B-00C04F79EFBC}") = "Lab14", "Lab14\Lab14.csproj", "{1810764B-D4CA-4403-9D25-A66D06D8E7D5}"
EndProject
Global
	GlobalSection(SolutionConfigurationPlatforms) = preSolution
		Debug|Any CPU = Debug|Any CPU
		Release|Any CPU = Release|Any CPU
	EndGlobalSection
	GlobalSection(ProjectConfigurationPlatforms) = postSolution
		{389B6D97-BB51-4EB1-9C47-7B897C8D06D8}.Debug|Any CPU.ActiveCfg = Debug|Any CPU
		{389B6D97-BB51-4EB1-9C47-7B897C8D06D8}.Debug|Any CPU.Build.0 = Debug|Any CPU
		{389B6D97-BB51-4EB1-9C47-7B897C8D06D8}.Release|Any CPU.ActiveCfg = Release|Any CPU
		{389B6D97-BB51-4EB1-9C47-7B897C8D06D8}.Release|Any CPU.Build.0 = Release|Any CPU
		{301962F4-EDE5-4913-9E77-185522BBF913}.Debug|Any CPU.ActiveCfg = Debug|Any CPU
		{301962F4-EDE5-4913-9E77-185522BBF913}.Debug|Any CPU.Build.0 = Debug|Any CPU
		{301962F4-EDE5-4913-9E77-185522BBF913}.Release|Any CPU.ActiveCfg = Release|Any CPU
		{301962F4-EDE5-4913-9E77-185522BBF913}.Release|Any CPU.Build.0 = Release|Any CPU
		{05664813-D866-4C7B-AB55-91A5D05CF9A1}.Debug|Any CPU.ActiveCfg = Debug|Any CPU
		{05664813-D866-4C7B-AB55-91A5D05CF9A1}.Debug|Any CPU.Build.0 = Debug|Any CPU
		{05664813-D866-4C7B-AB55-91A5D05CF9A1}.Release|Any CPU.ActiveCfg = Release|Any CPU
		{05664813-D866-4C7B-AB55-91A5D05CF9A1}.Release|Any CPU.Build.0 = Release|Any CPU
		{0023D0D4-5C9F-4842-A854-DE8AA93A33AB}.Debug|Any CPU.ActiveCfg = Debug|Any CPU
		{0023D0D4-5C9F-4842-A854-DE8AA93A33AB}.Debug|Any CPU.Build.0 = Debug|Any CPU
		{0023D0D4-5C9F-4842-A854-DE8AA93A33AB}.Release|Any CPU.ActiveCfg = Release|Any CPU
		{0023D0D4-5C9F-4842-A854-DE8AA93A33AB}.Release|Any CPU.Build.0 = Release|Any CPU
		{376F6B46-C422-48A2-9B18-E83CAF73EFD8}.Debug|Any CPU.ActiveCfg = Debug|Any CPU
		{376F6B46-C422-48A2-9B18-E83CAF73EFD8}.Debug|Any CPU.Build.0 = Debug|Any CPU
		{376F6B46-C422-48A2-9B18-E83CAF73EFD8}.Release|Any CPU.ActiveCfg = Release|Any CPU
		{376F6B46-C422-48A2-9B18-E83CAF73EFD8}.Release|Any CPU.Build.0 = Release|Any CPU
		{DDC14203-31C1-4315-A46E-ADAD3AEB3EB0}.Debug|Any CPU.ActiveCfg = Debug|Any CPU
		{DDC14203-31C1-4315-A46E-ADAD3AEB3EB0}.Debug|Any CPU.Build.0 = Debug|Any CPU
		{DDC14203-31C1-4315-A46E-ADAD3AEB3EB0}.Release|Any CPU.ActiveCfg = Release|Any CPU
		{DDC14203-31C1-4315-A46E-ADAD3AEB3EB0}.Release|Any CPU.Build.0 = Release|Any CPU
		{CA707C24-141D-4C0F-BE48-C5C13B3BEDB9}.Debug|Any CPU.ActiveCfg = Debug|Any CPU
		{CA707C24-141D-4C0F-BE48-C5C13B3BEDB9}.Debug|Any CPU.Build.0 = Debug|Any CPU
		{CA707C24-141D-4C0F-BE48-C5C13B3BEDB9}.Release|Any CPU.ActiveCfg = Release|Any CPU
		{CA707C24-141D-4C0F-BE48-C5C13B3BEDB9}.Release|Any CPU.Build.0 = Release|Any CPU
		{16E9B879-30AF-450E-8B7F-2A7E4C849335}.Debug|Any CPU.ActiveCfg = Debug|Any CPU
		{16E9B879-30AF-450E-8B7F-2A7E4C849335}.Debug|Any CPU.Build.0 = Debug|Any CPU
		{16E9B879-30AF-450E-8B7F-2A7E4C849335}.Release|Any CPU.ActiveCfg = Release|Any CPU
		{16E9B879-30AF-450E-8B7F-2A7E4C849335}.Release|Any CPU.Build.0 = Release|Any CPU
		{7A732695-AABD-46F3-A808-A7E9FF2B6932}.Debug|Any CPU.ActiveCfg = Debug|Any CPU
		{7A732695-AABD-46F3-A808-A7E9FF2B6932}.Debug|Any CPU.Build.0 = Debug|Any CPU
		{7A732695-AABD-46F3-A808-A7E9FF2B6932}.Release|Any CPU.ActiveCfg = Release|Any CPU
		{7A732695-AABD-46F3-A808-A7E9FF2B6932}.Release|Any CPU.Build.0 = Release|Any CPU
		{384D6F2D-4E6C-46B5-97B3-37BAEFB07993}.Debug|Any CPU.ActiveCfg = Debug|Any CPU
		{384D6F2D-4E6C-46B5-97B3-37BAEFB07993}.Debug|Any CPU.Build.0 = Debug|Any CPU
		{384D6F2D-4E6C-46B5-97B3-37BAEFB07993}.Release|Any CPU.ActiveCfg = Release|Any CPU
		{384D6F2D-4E6C-46B5-97B3-37BAEFB07993}.Release|Any CPU.Build.0 = Release|Any CPU
		{9D7A2C1F-A130-4C75-A809-DD202A0E523E}.Debug|Any CPU.ActiveCfg = Debug|Any CPU
		{9D7A2C1F-A130-4C75-A809-DD202A0E523E}.Debug|Any CPU.Build.0 = Debug|Any CPU
		{9D7A2C1F-A130-4C75-A809-DD202A0E523E}.Release|Any CPU.ActiveCfg = Release|Any CPU
		{9D7A2C1F-A130-4C75-A809-DD202A0E523E}.Release|Any CPU.Build.0 = Release|Any CPU
		{CA097D07-11E0-46CC-A337-FF5C83B18BCD}.Debug|Any CPU.ActiveCfg = Debug|Any CPU
		{CA097D07-11E0-46CC-A337-FF5C83B18BCD}.Debug|Any CPU.Build.0 = Debug|Any CPU
		{CA097D07-11E0-46CC-A337-FF5C83B18BCD}.Release|Any CPU.ActiveCfg = Release|Any CPU
		{CA097D07-11E0-46CC-A337-FF5C83B18BCD}.Release|Any CPU.Build.0 = Release|Any CPU
		{1810764B-D4CA-4403-9D25-A66D06D8E7D5}.Debug|Any CPU.ActiveCfg = Debug|Any CPU
		{1810764B-D4CA-4403-9D25-A66D06D8E7D5}.Debug|Any CPU.Build.0 = Debug|Any CPU
		{1810764B-D4CA-4403-9D25-A66D06D8E7D5}.Release|Any CPU.ActiveCfg = Release|Any CPU
		{1810764B-D4CA-4403-9D25-A66D06D8E7D5}.Release|Any CPU.Build.0 = Release|Any CPU
	EndGlobalSection
	GlobalSection(SolutionProperties) = preSolution
		HideSolutionNode = FALSE
	EndGlobalSection
	GlobalSection(ExtensibilityGlobals) = postSolution
		SolutionGuid = {AF1FBD01-0803-44F0-953F-C2713F6E3DFF}
	EndGlobalSection
EndGlobal
